
Microsoft Visual Studio Solution File, Format Version 12.00
# Visual Studio Version 17
VisualStudioVersion = 17.11.35222.181
MinimumVisualStudioVersion = 10.0.40219.1
Project("{FAE04EC0-301F-11D3-BF4B-00C04F79EFBC}") = "application_name", "application_name\application_name.csproj", "{B61D7030-3BF0-4354-9AD8-B562D9F132D7}"
EndProject
Global
	GlobalSection(SolutionConfigurationPlatforms) = preSolution
		Debug|Any CPU = Debug|Any CPU
		Release|Any CPU = Release|Any CPU
	EndGlobalSection
	GlobalSection(ProjectConfigurationPlatforms) = postSolution
		{B61D7030-3BF0-4354-9AD8-B562D9F132D7}.Debug|Any CPU.ActiveCfg = Debug|Any CPU
		{B61D7030-3BF0-4354-9AD8-B562D9F132D7}.Debug|Any CPU.Build.0 = Debug|Any CPU
		{B61D7030-3BF0-4354-9AD8-B562D9F132D7}.Release|Any CPU.ActiveCfg = Release|Any CPU
		{B61D7030-3BF0-4354-9AD8-B562D9F132D7}.Release|Any CPU.Build.0 = Release|Any CPU
	EndGlobalSection
	GlobalSection(SolutionProperties) = preSolution
		HideSolutionNode = FALSE
	EndGlobalSection
	GlobalSection(ExtensibilityGlobals) = postSolution
		SolutionGuid = {C6553B5A-FB5D-48F4-A7E5-03CDF926757A}
	EndGlobalSection
EndGlobal
